
Microsoft Visual Studio Solution File, Format Version 12.00
# Visual Studio Version 17
VisualStudioVersion = 17.5.002.0
MinimumVisualStudioVersion = 10.0.40219.1
Project("{9A19103F-16F7-4668-BE54-9A1E7A4F7556}") = "ConsoleProject", "ConsoleProject\ConsoleProject.csproj", "{281167F7-18F9-4C8D-B8EE-6306098DF6E6}"
EndProject
Project("{9A19103F-16F7-4668-BE54-9A1E7A4F7556}") = "TestProject", "TestProject\TestProject.csproj", "{ED8ADF49-9432-4FED-95A7-66FE4F811AAA}"
EndProject
Global
	GlobalSection(SolutionConfigurationPlatforms) = preSolution
		Debug|Any CPU = Debug|Any CPU
		Release|Any CPU = Release|Any CPU
	EndGlobalSection
	GlobalSection(ProjectConfigurationPlatforms) = postSolution
		{281167F7-18F9-4C8D-B8EE-6306098DF6E6}.Debug|Any CPU.ActiveCfg = Debug|Any CPU
		{281167F7-18F9-4C8D-B8EE-6306098DF6E6}.Debug|Any CPU.Build.0 = Debug|Any CPU
		{281167F7-18F9-4C8D-B8EE-6306098DF6E6}.Release|Any CPU.ActiveCfg = Release|Any CPU
		{281167F7-18F9-4C8D-B8EE-6306098DF6E6}.Release|Any CPU.Build.0 = Release|Any CPU
		{ED8ADF49-9432-4FED-95A7-66FE4F811AAA}.Debug|Any CPU.ActiveCfg = Debug|Any CPU
		{ED8ADF49-9432-4FED-95A7-66FE4F811AAA}.Debug|Any CPU.Build.0 = Debug|Any CPU
		{ED8ADF49-9432-4FED-95A7-66FE4F811AAA}.Release|Any CPU.ActiveCfg = Release|Any CPU
		{ED8ADF49-9432-4FED-95A7-66FE4F811AAA}.Release|Any CPU.Build.0 = Release|Any CPU
	EndGlobalSection
	GlobalSection(SolutionProperties) = preSolution
		HideSolutionNode = FALSE
	EndGlobalSection
	GlobalSection(ExtensibilityGlobals) = postSolution
		SolutionGuid = {A0E296DC-3E37-4B6F-A053-D2DC246A1192}
	EndGlobalSection
EndGlobal
